
Microsoft Visual Studio Solution File, Format Version 12.00
# Visual Studio Version 17
VisualStudioVersion = 17.8.34408.163
MinimumVisualStudioVersion = 10.0.40219.1
Project("{FAE04EC0-301F-11D3-BF4B-00C04F79EFBC}") = "JurnalMod10_1302223047", "JurnalMod10_1302223047\JurnalMod10_1302223047.csproj", "{FB19D115-E7E1-4703-9DC6-DA8AD1D3062C}"
EndProject
Global
	GlobalSection(SolutionConfigurationPlatforms) = preSolution
		Debug|Any CPU = Debug|Any CPU
		Release|Any CPU = Release|Any CPU
	EndGlobalSection
	GlobalSection(ProjectConfigurationPlatforms) = postSolution
		{FB19D115-E7E1-4703-9DC6-DA8AD1D3062C}.Debug|Any CPU.ActiveCfg = Debug|Any CPU
		{FB19D115-E7E1-4703-9DC6-DA8AD1D3062C}.Debug|Any CPU.Build.0 = Debug|Any CPU
		{FB19D115-E7E1-4703-9DC6-DA8AD1D3062C}.Release|Any CPU.ActiveCfg = Release|Any CPU
		{FB19D115-E7E1-4703-9DC6-DA8AD1D3062C}.Release|Any CPU.Build.0 = Release|Any CPU
	EndGlobalSection
	GlobalSection(SolutionProperties) = preSolution
		HideSolutionNode = FALSE
	EndGlobalSection
	GlobalSection(ExtensibilityGlobals) = postSolution
		SolutionGuid = {AE84F8AA-65CD-45F8-899E-4C64C35C842E}
	EndGlobalSection
EndGlobal
